
Microsoft Visual Studio Solution File, Format Version 12.00
# Visual Studio Version 17
VisualStudioVersion = 17.0.31521.260
MinimumVisualStudioVersion = 10.0.40219.1
Project("{FAE04EC0-301F-11D3-BF4B-00C04F79EFBC}") = "ColorsPriorityQueue", "ColorsPriorityQueue.csproj", "{CDDA128B-68CE-4DEA-AFAC-D8D020470626}"
EndProject
Global
	GlobalSection(SolutionConfigurationPlatforms) = preSolution
		Debug|Any CPU = Debug|Any CPU
		Release|Any CPU = Release|Any CPU
	EndGlobalSection
	GlobalSection(ProjectConfigurationPlatforms) = postSolution
		{CDDA128B-68CE-4DEA-AFAC-D8D020470626}.Debug|Any CPU.ActiveCfg = Debug|Any CPU
		{CDDA128B-68CE-4DEA-AFAC-D8D020470626}.Debug|Any CPU.Build.0 = Debug|Any CPU
		{CDDA128B-68CE-4DEA-AFAC-D8D020470626}.Release|Any CPU.ActiveCfg = Release|Any CPU
		{CDDA128B-68CE-4DEA-AFAC-D8D020470626}.Release|Any CPU.Build.0 = Release|Any CPU
	EndGlobalSection
	GlobalSection(SolutionProperties) = preSolution
		HideSolutionNode = FALSE
	EndGlobalSection
	GlobalSection(ExtensibilityGlobals) = postSolution
		SolutionGuid = {CCCE4B58-9407-4C76-8D7E-7D05BC9C1B63}
	EndGlobalSection
EndGlobal
