
Microsoft Visual Studio Solution File, Format Version 12.00
# Visual Studio Version 17
VisualStudioVersion = 17.0.31521.260
MinimumVisualStudioVersion = 10.0.40219.1
Project("{FAE04EC0-301F-11D3-BF4B-00C04F79EFBC}") = "Example", "Example.csproj", "{E45ED27A-4441-4253-970C-6EBE47C2F0E2}"
EndProject
Global
	GlobalSection(SolutionConfigurationPlatforms) = preSolution
		Debug|Any CPU = Debug|Any CPU
		Release|Any CPU = Release|Any CPU
	EndGlobalSection
	GlobalSection(ProjectConfigurationPlatforms) = postSolution
		{E45ED27A-4441-4253-970C-6EBE47C2F0E2}.Debug|Any CPU.ActiveCfg = Debug|Any CPU
		{E45ED27A-4441-4253-970C-6EBE47C2F0E2}.Debug|Any CPU.Build.0 = Debug|Any CPU
		{E45ED27A-4441-4253-970C-6EBE47C2F0E2}.Release|Any CPU.ActiveCfg = Release|Any CPU
		{E45ED27A-4441-4253-970C-6EBE47C2F0E2}.Release|Any CPU.Build.0 = Release|Any CPU
	EndGlobalSection
	GlobalSection(SolutionProperties) = preSolution
		HideSolutionNode = FALSE
	EndGlobalSection
	GlobalSection(ExtensibilityGlobals) = postSolution
		SolutionGuid = {0EE94899-030A-4A4C-8D63-9C95A699BC83}
	EndGlobalSection
EndGlobal
