
Microsoft Visual Studio Solution File, Format Version 12.00
# Visual Studio Version 17
VisualStudioVersion = 17.0.31521.260
MinimumVisualStudioVersion = 10.0.40219.1
Project("{FAE04EC0-301F-11D3-BF4B-00C04F79EFBC}") = "UseStringBuilder", "UseStringBuilder.csproj", "{B5090DDF-5271-4BB7-A44C-91CB0B63A4DA}"
EndProject
Global
	GlobalSection(SolutionConfigurationPlatforms) = preSolution
		Debug|Any CPU = Debug|Any CPU
		Release|Any CPU = Release|Any CPU
	EndGlobalSection
	GlobalSection(ProjectConfigurationPlatforms) = postSolution
		{B5090DDF-5271-4BB7-A44C-91CB0B63A4DA}.Debug|Any CPU.ActiveCfg = Debug|Any CPU
		{B5090DDF-5271-4BB7-A44C-91CB0B63A4DA}.Debug|Any CPU.Build.0 = Debug|Any CPU
		{B5090DDF-5271-4BB7-A44C-91CB0B63A4DA}.Release|Any CPU.ActiveCfg = Release|Any CPU
		{B5090DDF-5271-4BB7-A44C-91CB0B63A4DA}.Release|Any CPU.Build.0 = Release|Any CPU
	EndGlobalSection
	GlobalSection(SolutionProperties) = preSolution
		HideSolutionNode = FALSE
	EndGlobalSection
	GlobalSection(ExtensibilityGlobals) = postSolution
		SolutionGuid = {4A8605E4-4C92-4B00-9B68-60DC8C7F0C0A}
	EndGlobalSection
EndGlobal
