
Microsoft Visual Studio Solution File, Format Version 12.00
# Visual Studio Version 17
VisualStudioVersion = 17.0.31521.260
MinimumVisualStudioVersion = 10.0.40219.1
Project("{FAE04EC0-301F-11D3-BF4B-00C04F79EFBC}") = "BubbleSortArray", "BubbleSortArray.csproj", "{534CDBE1-B68C-44A8-BD44-A14E602A060D}"
EndProject
Global
	GlobalSection(SolutionConfigurationPlatforms) = preSolution
		Debug|Any CPU = Debug|Any CPU
		Release|Any CPU = Release|Any CPU
	EndGlobalSection
	GlobalSection(ProjectConfigurationPlatforms) = postSolution
		{534CDBE1-B68C-44A8-BD44-A14E602A060D}.Debug|Any CPU.ActiveCfg = Debug|Any CPU
		{534CDBE1-B68C-44A8-BD44-A14E602A060D}.Debug|Any CPU.Build.0 = Debug|Any CPU
		{534CDBE1-B68C-44A8-BD44-A14E602A060D}.Release|Any CPU.ActiveCfg = Release|Any CPU
		{534CDBE1-B68C-44A8-BD44-A14E602A060D}.Release|Any CPU.Build.0 = Release|Any CPU
	EndGlobalSection
	GlobalSection(SolutionProperties) = preSolution
		HideSolutionNode = FALSE
	EndGlobalSection
	GlobalSection(ExtensibilityGlobals) = postSolution
		SolutionGuid = {93477C1E-BF39-462C-94DD-2E10343E83F8}
	EndGlobalSection
EndGlobal
