
Microsoft Visual Studio Solution File, Format Version 12.00
# Visual Studio Version 17
VisualStudioVersion = 17.0.31521.260
MinimumVisualStudioVersion = 10.0.40219.1
Project("{FAE04EC0-301F-11D3-BF4B-00C04F79EFBC}") = "ParseSequenceWithSplit", "ParseSequenceWithSplit.csproj", "{19A47A92-59FC-4AC1-82A0-BDA0A24E6FA9}"
EndProject
Global
	GlobalSection(SolutionConfigurationPlatforms) = preSolution
		Debug|Any CPU = Debug|Any CPU
		Release|Any CPU = Release|Any CPU
	EndGlobalSection
	GlobalSection(ProjectConfigurationPlatforms) = postSolution
		{19A47A92-59FC-4AC1-82A0-BDA0A24E6FA9}.Debug|Any CPU.ActiveCfg = Debug|Any CPU
		{19A47A92-59FC-4AC1-82A0-BDA0A24E6FA9}.Debug|Any CPU.Build.0 = Debug|Any CPU
		{19A47A92-59FC-4AC1-82A0-BDA0A24E6FA9}.Release|Any CPU.ActiveCfg = Release|Any CPU
		{19A47A92-59FC-4AC1-82A0-BDA0A24E6FA9}.Release|Any CPU.Build.0 = Release|Any CPU
	EndGlobalSection
	GlobalSection(SolutionProperties) = preSolution
		HideSolutionNode = FALSE
	EndGlobalSection
	GlobalSection(ExtensibilityGlobals) = postSolution
		SolutionGuid = {F2FA63CF-CF65-4C64-A60C-3125070E40BB}
	EndGlobalSection
EndGlobal
