
Microsoft Visual Studio Solution File, Format Version 12.00
# Visual Studio Version 17
VisualStudioVersion = 17.0.31521.260
MinimumVisualStudioVersion = 10.0.40219.1
Project("{FAE04EC0-301F-11D3-BF4B-00C04F79EFBC}") = "PassObject", "PassObject.csproj", "{BD5C24E0-CE43-4465-B87E-1065B3195221}"
EndProject
Global
	GlobalSection(SolutionConfigurationPlatforms) = preSolution
		Debug|Any CPU = Debug|Any CPU
		Release|Any CPU = Release|Any CPU
	EndGlobalSection
	GlobalSection(ProjectConfigurationPlatforms) = postSolution
		{BD5C24E0-CE43-4465-B87E-1065B3195221}.Debug|Any CPU.ActiveCfg = Debug|Any CPU
		{BD5C24E0-CE43-4465-B87E-1065B3195221}.Debug|Any CPU.Build.0 = Debug|Any CPU
		{BD5C24E0-CE43-4465-B87E-1065B3195221}.Release|Any CPU.ActiveCfg = Release|Any CPU
		{BD5C24E0-CE43-4465-B87E-1065B3195221}.Release|Any CPU.Build.0 = Release|Any CPU
	EndGlobalSection
	GlobalSection(SolutionProperties) = preSolution
		HideSolutionNode = FALSE
	EndGlobalSection
	GlobalSection(ExtensibilityGlobals) = postSolution
		SolutionGuid = {5228185F-A4E1-49BD-98FE-45AF3E6CC8CE}
	EndGlobalSection
EndGlobal
