
Microsoft Visual Studio Solution File, Format Version 12.00
# Visual Studio Version 17
VisualStudioVersion = 17.0.31521.260
MinimumVisualStudioVersion = 10.0.40219.1
Project("{FAE04EC0-301F-11D3-BF4B-00C04F79EFBC}") = "CurrentObject", "CurrentObject.csproj", "{18CB6B22-9CAA-4391-9C19-782CEF89B07D}"
EndProject
Global
	GlobalSection(SolutionConfigurationPlatforms) = preSolution
		Debug|Any CPU = Debug|Any CPU
		Release|Any CPU = Release|Any CPU
	EndGlobalSection
	GlobalSection(ProjectConfigurationPlatforms) = postSolution
		{18CB6B22-9CAA-4391-9C19-782CEF89B07D}.Debug|Any CPU.ActiveCfg = Debug|Any CPU
		{18CB6B22-9CAA-4391-9C19-782CEF89B07D}.Debug|Any CPU.Build.0 = Debug|Any CPU
		{18CB6B22-9CAA-4391-9C19-782CEF89B07D}.Release|Any CPU.ActiveCfg = Release|Any CPU
		{18CB6B22-9CAA-4391-9C19-782CEF89B07D}.Release|Any CPU.Build.0 = Release|Any CPU
	EndGlobalSection
	GlobalSection(SolutionProperties) = preSolution
		HideSolutionNode = FALSE
	EndGlobalSection
	GlobalSection(ExtensibilityGlobals) = postSolution
		SolutionGuid = {E9B9A415-3C6B-4331-91A0-6262E6A850E4}
	EndGlobalSection
EndGlobal
