
Microsoft Visual Studio Solution File, Format Version 12.00
# Visual Studio Version 17
VisualStudioVersion = 17.0.31521.260
MinimumVisualStudioVersion = 10.0.40219.1
Project("{FAE04EC0-301F-11D3-BF4B-00C04F79EFBC}") = "VehicleData", "VehicleData.csproj", "{155DA66D-5A4C-4373-B5FE-CA491483697C}"
EndProject
Global
	GlobalSection(SolutionConfigurationPlatforms) = preSolution
		Debug|Any CPU = Debug|Any CPU
		Release|Any CPU = Release|Any CPU
	EndGlobalSection
	GlobalSection(ProjectConfigurationPlatforms) = postSolution
		{155DA66D-5A4C-4373-B5FE-CA491483697C}.Debug|Any CPU.ActiveCfg = Debug|Any CPU
		{155DA66D-5A4C-4373-B5FE-CA491483697C}.Debug|Any CPU.Build.0 = Debug|Any CPU
		{155DA66D-5A4C-4373-B5FE-CA491483697C}.Release|Any CPU.ActiveCfg = Release|Any CPU
		{155DA66D-5A4C-4373-B5FE-CA491483697C}.Release|Any CPU.Build.0 = Release|Any CPU
	EndGlobalSection
	GlobalSection(SolutionProperties) = preSolution
		HideSolutionNode = FALSE
	EndGlobalSection
	GlobalSection(ExtensibilityGlobals) = postSolution
		SolutionGuid = {4C560530-DCE3-4B8B-98D7-E6C1DF832135}
	EndGlobalSection
EndGlobal
