
Microsoft Visual Studio Solution File, Format Version 12.00
# Visual Studio Version 17
VisualStudioVersion = 17.0.31612.314
MinimumVisualStudioVersion = 10.0.40219.1
Project("{FAE04EC0-301F-11D3-BF4B-00C04F79EFBC}") = "MyFirstCodeOnlyWPFApplication", "MyFirstCodeOnlyWPFApplication.csproj", "{46FF787C-132C-4FED-B0C7-273D2467472A}"
EndProject
Global
	GlobalSection(SolutionConfigurationPlatforms) = preSolution
		Debug|Any CPU = Debug|Any CPU
		Release|Any CPU = Release|Any CPU
	EndGlobalSection
	GlobalSection(ProjectConfigurationPlatforms) = postSolution
		{46FF787C-132C-4FED-B0C7-273D2467472A}.Debug|Any CPU.ActiveCfg = Debug|Any CPU
		{46FF787C-132C-4FED-B0C7-273D2467472A}.Debug|Any CPU.Build.0 = Debug|Any CPU
		{46FF787C-132C-4FED-B0C7-273D2467472A}.Release|Any CPU.ActiveCfg = Release|Any CPU
		{46FF787C-132C-4FED-B0C7-273D2467472A}.Release|Any CPU.Build.0 = Release|Any CPU
	EndGlobalSection
	GlobalSection(SolutionProperties) = preSolution
		HideSolutionNode = FALSE
	EndGlobalSection
	GlobalSection(ExtensibilityGlobals) = postSolution
		SolutionGuid = {CE122F99-46D7-4A2C-9CDC-BCC48274070A}
	EndGlobalSection
EndGlobal
