
Microsoft Visual Studio Solution File, Format Version 12.00
# Visual Studio Version 17
VisualStudioVersion = 17.0.31717.71
MinimumVisualStudioVersion = 10.0.40219.1
Project("{FAE04EC0-301F-11D3-BF4B-00C04F79EFBC}") = "RazorPageOverview", "RazorPageOverview.csproj", "{219C341A-10DD-45B0-BE06-342E6619627C}"
EndProject
Global
	GlobalSection(SolutionConfigurationPlatforms) = preSolution
		Debug|Any CPU = Debug|Any CPU
		Release|Any CPU = Release|Any CPU
	EndGlobalSection
	GlobalSection(ProjectConfigurationPlatforms) = postSolution
		{219C341A-10DD-45B0-BE06-342E6619627C}.Debug|Any CPU.ActiveCfg = Debug|Any CPU
		{219C341A-10DD-45B0-BE06-342E6619627C}.Debug|Any CPU.Build.0 = Debug|Any CPU
		{219C341A-10DD-45B0-BE06-342E6619627C}.Release|Any CPU.ActiveCfg = Release|Any CPU
		{219C341A-10DD-45B0-BE06-342E6619627C}.Release|Any CPU.Build.0 = Release|Any CPU
	EndGlobalSection
	GlobalSection(SolutionProperties) = preSolution
		HideSolutionNode = FALSE
	EndGlobalSection
	GlobalSection(ExtensibilityGlobals) = postSolution
		SolutionGuid = {DF1ADF47-EB98-464D-A05E-9AAA0A2DF538}
	EndGlobalSection
EndGlobal
