
Microsoft Visual Studio Solution File, Format Version 12.00
# Visual Studio Version 17
VisualStudioVersion = 17.0.31612.314
MinimumVisualStudioVersion = 10.0.40219.1
Project("{FAE04EC0-301F-11D3-BF4B-00C04F79EFBC}") = "FileRead", "FileRead.csproj", "{6302C848-50C9-4086-9814-111B566BA945}"
EndProject
Global
	GlobalSection(SolutionConfigurationPlatforms) = preSolution
		Debug|Any CPU = Debug|Any CPU
		Release|Any CPU = Release|Any CPU
	EndGlobalSection
	GlobalSection(ProjectConfigurationPlatforms) = postSolution
		{6302C848-50C9-4086-9814-111B566BA945}.Debug|Any CPU.ActiveCfg = Debug|Any CPU
		{6302C848-50C9-4086-9814-111B566BA945}.Debug|Any CPU.Build.0 = Debug|Any CPU
		{6302C848-50C9-4086-9814-111B566BA945}.Release|Any CPU.ActiveCfg = Release|Any CPU
		{6302C848-50C9-4086-9814-111B566BA945}.Release|Any CPU.Build.0 = Release|Any CPU
	EndGlobalSection
	GlobalSection(SolutionProperties) = preSolution
		HideSolutionNode = FALSE
	EndGlobalSection
	GlobalSection(ExtensibilityGlobals) = postSolution
		SolutionGuid = {99D3DABE-F892-44A7-93EE-9AE5C1866C77}
	EndGlobalSection
EndGlobal
