
Microsoft Visual Studio Solution File, Format Version 12.00
# Visual Studio Version 17
VisualStudioVersion = 17.0.31612.314
MinimumVisualStudioVersion = 10.0.40219.1
Project("{FAE04EC0-301F-11D3-BF4B-00C04F79EFBC}") = "StackPanel", "StackPanel.csproj", "{FCDF1A03-7809-499F-AB2B-3453E7224F68}"
EndProject
Global
	GlobalSection(SolutionConfigurationPlatforms) = preSolution
		Debug|Any CPU = Debug|Any CPU
		Release|Any CPU = Release|Any CPU
	EndGlobalSection
	GlobalSection(ProjectConfigurationPlatforms) = postSolution
		{FCDF1A03-7809-499F-AB2B-3453E7224F68}.Debug|Any CPU.ActiveCfg = Debug|Any CPU
		{FCDF1A03-7809-499F-AB2B-3453E7224F68}.Debug|Any CPU.Build.0 = Debug|Any CPU
		{FCDF1A03-7809-499F-AB2B-3453E7224F68}.Release|Any CPU.ActiveCfg = Release|Any CPU
		{FCDF1A03-7809-499F-AB2B-3453E7224F68}.Release|Any CPU.Build.0 = Release|Any CPU
	EndGlobalSection
	GlobalSection(SolutionProperties) = preSolution
		HideSolutionNode = FALSE
	EndGlobalSection
	GlobalSection(ExtensibilityGlobals) = postSolution
		SolutionGuid = {EAC41970-982E-4A7B-84D3-2D3E82F3A2FD}
	EndGlobalSection
EndGlobal
