
Microsoft Visual Studio Solution File, Format Version 12.00
# Visual Studio Version 17
VisualStudioVersion = 17.0.31521.260
MinimumVisualStudioVersion = 10.0.40219.1
Project("{FAE04EC0-301F-11D3-BF4B-00C04F79EFBC}") = "SimpleSavingsAccount3", "SimpleSavingsAccount3.csproj", "{C80AE5E5-5681-4F9F-85BD-3770F622EC1B}"
EndProject
Global
	GlobalSection(SolutionConfigurationPlatforms) = preSolution
		Debug|Any CPU = Debug|Any CPU
		Release|Any CPU = Release|Any CPU
	EndGlobalSection
	GlobalSection(ProjectConfigurationPlatforms) = postSolution
		{C80AE5E5-5681-4F9F-85BD-3770F622EC1B}.Debug|Any CPU.ActiveCfg = Debug|Any CPU
		{C80AE5E5-5681-4F9F-85BD-3770F622EC1B}.Debug|Any CPU.Build.0 = Debug|Any CPU
		{C80AE5E5-5681-4F9F-85BD-3770F622EC1B}.Release|Any CPU.ActiveCfg = Release|Any CPU
		{C80AE5E5-5681-4F9F-85BD-3770F622EC1B}.Release|Any CPU.Build.0 = Release|Any CPU
	EndGlobalSection
	GlobalSection(SolutionProperties) = preSolution
		HideSolutionNode = FALSE
	EndGlobalSection
	GlobalSection(ExtensibilityGlobals) = postSolution
		SolutionGuid = {41890F34-0859-4B36-9215-4487AB3C28B7}
	EndGlobalSection
EndGlobal
