
Microsoft Visual Studio Solution File, Format Version 12.00
# Visual Studio Version 17
VisualStudioVersion = 17.0.31717.71
MinimumVisualStudioVersion = 10.0.40219.1
Project("{FAE04EC0-301F-11D3-BF4B-00C04F79EFBC}") = "BindingSample2", "BindingSample2.csproj", "{D1A3142B-815B-4C5F-955A-DACCC8AD9873}"
EndProject
Global
	GlobalSection(SolutionConfigurationPlatforms) = preSolution
		Debug|Any CPU = Debug|Any CPU
		Release|Any CPU = Release|Any CPU
	EndGlobalSection
	GlobalSection(ProjectConfigurationPlatforms) = postSolution
		{D1A3142B-815B-4C5F-955A-DACCC8AD9873}.Debug|Any CPU.ActiveCfg = Debug|Any CPU
		{D1A3142B-815B-4C5F-955A-DACCC8AD9873}.Debug|Any CPU.Build.0 = Debug|Any CPU
		{D1A3142B-815B-4C5F-955A-DACCC8AD9873}.Release|Any CPU.ActiveCfg = Release|Any CPU
		{D1A3142B-815B-4C5F-955A-DACCC8AD9873}.Release|Any CPU.Build.0 = Release|Any CPU
	EndGlobalSection
	GlobalSection(SolutionProperties) = preSolution
		HideSolutionNode = FALSE
	EndGlobalSection
	GlobalSection(ExtensibilityGlobals) = postSolution
		SolutionGuid = {3FAD7F3B-F459-476E-8B59-83C1EB955873}
	EndGlobalSection
EndGlobal
