
Microsoft Visual Studio Solution File, Format Version 12.00
# Visual Studio Version 17
VisualStudioVersion = 17.0.31521.260
MinimumVisualStudioVersion = 10.0.40219.1
Project("{FAE04EC0-301F-11D3-BF4B-00C04F79EFBC}") = "SecureButton", "SecureButton.csproj", "{FA79802A-CDE8-405E-A929-56FB51217A3A}"
EndProject
Global
	GlobalSection(SolutionConfigurationPlatforms) = preSolution
		Debug|Any CPU = Debug|Any CPU
		Release|Any CPU = Release|Any CPU
	EndGlobalSection
	GlobalSection(ProjectConfigurationPlatforms) = postSolution
		{FA79802A-CDE8-405E-A929-56FB51217A3A}.Debug|Any CPU.ActiveCfg = Debug|Any CPU
		{FA79802A-CDE8-405E-A929-56FB51217A3A}.Debug|Any CPU.Build.0 = Debug|Any CPU
		{FA79802A-CDE8-405E-A929-56FB51217A3A}.Release|Any CPU.ActiveCfg = Release|Any CPU
		{FA79802A-CDE8-405E-A929-56FB51217A3A}.Release|Any CPU.Build.0 = Release|Any CPU
	EndGlobalSection
	GlobalSection(SolutionProperties) = preSolution
		HideSolutionNode = FALSE
	EndGlobalSection
	GlobalSection(ExtensibilityGlobals) = postSolution
		SolutionGuid = {4B1C6ABA-FEF4-4EDE-9B23-A247E9AB8EBE}
	EndGlobalSection
EndGlobal
