
Microsoft Visual Studio Solution File, Format Version 12.00
# Visual Studio Version 17
VisualStudioVersion = 17.0.31521.260
MinimumVisualStudioVersion = 10.0.40219.1
Project("{FAE04EC0-301F-11D3-BF4B-00C04F79EFBC}") = "StringInterpolation", "StringInterpolation.csproj", "{45A1AE35-3025-4105-B888-C0D0E5947DDA}"
EndProject
Global
	GlobalSection(SolutionConfigurationPlatforms) = preSolution
		Debug|Any CPU = Debug|Any CPU
		Release|Any CPU = Release|Any CPU
	EndGlobalSection
	GlobalSection(ProjectConfigurationPlatforms) = postSolution
		{45A1AE35-3025-4105-B888-C0D0E5947DDA}.Debug|Any CPU.ActiveCfg = Debug|Any CPU
		{45A1AE35-3025-4105-B888-C0D0E5947DDA}.Debug|Any CPU.Build.0 = Debug|Any CPU
		{45A1AE35-3025-4105-B888-C0D0E5947DDA}.Release|Any CPU.ActiveCfg = Release|Any CPU
		{45A1AE35-3025-4105-B888-C0D0E5947DDA}.Release|Any CPU.Build.0 = Release|Any CPU
	EndGlobalSection
	GlobalSection(SolutionProperties) = preSolution
		HideSolutionNode = FALSE
	EndGlobalSection
	GlobalSection(ExtensibilityGlobals) = postSolution
		SolutionGuid = {13DBE225-4C7D-4669-8076-88190C4CFF44}
	EndGlobalSection
EndGlobal
