
Microsoft Visual Studio Solution File, Format Version 12.00
# Visual Studio Version 17
VisualStudioVersion = 17.0.31521.260
MinimumVisualStudioVersion = 10.0.40219.1
Project("{FAE04EC0-301F-11D3-BF4B-00C04F79EFBC}") = "PriorityQueue", "PriorityQueue.csproj", "{52109FF8-4110-4CFC-975B-39665554140C}"
EndProject
Global
	GlobalSection(SolutionConfigurationPlatforms) = preSolution
		Debug|Any CPU = Debug|Any CPU
		Release|Any CPU = Release|Any CPU
	EndGlobalSection
	GlobalSection(ProjectConfigurationPlatforms) = postSolution
		{52109FF8-4110-4CFC-975B-39665554140C}.Debug|Any CPU.ActiveCfg = Debug|Any CPU
		{52109FF8-4110-4CFC-975B-39665554140C}.Debug|Any CPU.Build.0 = Debug|Any CPU
		{52109FF8-4110-4CFC-975B-39665554140C}.Release|Any CPU.ActiveCfg = Release|Any CPU
		{52109FF8-4110-4CFC-975B-39665554140C}.Release|Any CPU.Build.0 = Release|Any CPU
	EndGlobalSection
	GlobalSection(SolutionProperties) = preSolution
		HideSolutionNode = FALSE
	EndGlobalSection
	GlobalSection(ExtensibilityGlobals) = postSolution
		SolutionGuid = {3B2662AC-78AB-40C1-A6A8-506036EBF12A}
	EndGlobalSection
EndGlobal
