
Microsoft Visual Studio Solution File, Format Version 12.00
# Visual Studio Version 17
VisualStudioVersion = 17.0.31521.260
MinimumVisualStudioVersion = 10.0.40219.1
Project("{FAE04EC0-301F-11D3-BF4B-00C04F79EFBC}") = "SimpleSavingsAccount4", "SimpleSavingsAccount4.csproj", "{30C34BEB-9701-4E0A-A6DA-E64BAA9B229F}"
EndProject
Global
	GlobalSection(SolutionConfigurationPlatforms) = preSolution
		Debug|Any CPU = Debug|Any CPU
		Release|Any CPU = Release|Any CPU
	EndGlobalSection
	GlobalSection(ProjectConfigurationPlatforms) = postSolution
		{30C34BEB-9701-4E0A-A6DA-E64BAA9B229F}.Debug|Any CPU.ActiveCfg = Debug|Any CPU
		{30C34BEB-9701-4E0A-A6DA-E64BAA9B229F}.Debug|Any CPU.Build.0 = Debug|Any CPU
		{30C34BEB-9701-4E0A-A6DA-E64BAA9B229F}.Release|Any CPU.ActiveCfg = Release|Any CPU
		{30C34BEB-9701-4E0A-A6DA-E64BAA9B229F}.Release|Any CPU.Build.0 = Release|Any CPU
	EndGlobalSection
	GlobalSection(SolutionProperties) = preSolution
		HideSolutionNode = FALSE
	EndGlobalSection
	GlobalSection(ExtensibilityGlobals) = postSolution
		SolutionGuid = {0ED7F40A-C296-44EC-91C4-7C173F4E9AAD}
	EndGlobalSection
EndGlobal
