
Microsoft Visual Studio Solution File, Format Version 12.00
# Visual Studio Version 17
VisualStudioVersion = 17.0.31612.314
MinimumVisualStudioVersion = 10.0.40219.1
Project("{FAE04EC0-301F-11D3-BF4B-00C04F79EFBC}") = "AccessData", "AccessData.csproj", "{0E1A85C7-8B1E-4459-A892-10CD7C349C12}"
EndProject
Global
	GlobalSection(SolutionConfigurationPlatforms) = preSolution
		Debug|Any CPU = Debug|Any CPU
		Release|Any CPU = Release|Any CPU
	EndGlobalSection
	GlobalSection(ProjectConfigurationPlatforms) = postSolution
		{0E1A85C7-8B1E-4459-A892-10CD7C349C12}.Debug|Any CPU.ActiveCfg = Debug|Any CPU
		{0E1A85C7-8B1E-4459-A892-10CD7C349C12}.Debug|Any CPU.Build.0 = Debug|Any CPU
		{0E1A85C7-8B1E-4459-A892-10CD7C349C12}.Release|Any CPU.ActiveCfg = Release|Any CPU
		{0E1A85C7-8B1E-4459-A892-10CD7C349C12}.Release|Any CPU.Build.0 = Release|Any CPU
	EndGlobalSection
	GlobalSection(SolutionProperties) = preSolution
		HideSolutionNode = FALSE
	EndGlobalSection
	GlobalSection(ExtensibilityGlobals) = postSolution
		SolutionGuid = {60331747-F7CD-45FF-8A40-2FB62229A25D}
	EndGlobalSection
EndGlobal
