
Microsoft Visual Studio Solution File, Format Version 12.00
# Visual Studio Version 17
VisualStudioVersion = 17.0.31521.260
MinimumVisualStudioVersion = 10.0.40219.1
Project("{FAE04EC0-301F-11D3-BF4B-00C04F79EFBC}") = "BuildASentence2", "BuildASentence2.csproj", "{9D08D923-8576-4D67-9B9D-820E79F045D0}"
EndProject
Global
	GlobalSection(SolutionConfigurationPlatforms) = preSolution
		Debug|Any CPU = Debug|Any CPU
		Release|Any CPU = Release|Any CPU
	EndGlobalSection
	GlobalSection(ProjectConfigurationPlatforms) = postSolution
		{9D08D923-8576-4D67-9B9D-820E79F045D0}.Debug|Any CPU.ActiveCfg = Debug|Any CPU
		{9D08D923-8576-4D67-9B9D-820E79F045D0}.Debug|Any CPU.Build.0 = Debug|Any CPU
		{9D08D923-8576-4D67-9B9D-820E79F045D0}.Release|Any CPU.ActiveCfg = Release|Any CPU
		{9D08D923-8576-4D67-9B9D-820E79F045D0}.Release|Any CPU.Build.0 = Release|Any CPU
	EndGlobalSection
	GlobalSection(SolutionProperties) = preSolution
		HideSolutionNode = FALSE
	EndGlobalSection
	GlobalSection(ExtensibilityGlobals) = postSolution
		SolutionGuid = {ED7608F6-6F1C-4389-9575-343C5D281C9B}
	EndGlobalSection
EndGlobal
