
Microsoft Visual Studio Solution File, Format Version 12.00
# Visual Studio Version 17
VisualStudioVersion = 17.0.31521.260
MinimumVisualStudioVersion = 10.0.40219.1
Project("{FAE04EC0-301F-11D3-BF4B-00C04F79EFBC}") = "HidingWithdrawalPolymorphically", "HidingWithdrawalPolymorphically.csproj", "{B70CDC12-C648-47DB-9744-395D938BEC4D}"
EndProject
Global
	GlobalSection(SolutionConfigurationPlatforms) = preSolution
		Debug|Any CPU = Debug|Any CPU
		Release|Any CPU = Release|Any CPU
	EndGlobalSection
	GlobalSection(ProjectConfigurationPlatforms) = postSolution
		{B70CDC12-C648-47DB-9744-395D938BEC4D}.Debug|Any CPU.ActiveCfg = Debug|Any CPU
		{B70CDC12-C648-47DB-9744-395D938BEC4D}.Debug|Any CPU.Build.0 = Debug|Any CPU
		{B70CDC12-C648-47DB-9744-395D938BEC4D}.Release|Any CPU.ActiveCfg = Release|Any CPU
		{B70CDC12-C648-47DB-9744-395D938BEC4D}.Release|Any CPU.Build.0 = Release|Any CPU
	EndGlobalSection
	GlobalSection(SolutionProperties) = preSolution
		HideSolutionNode = FALSE
	EndGlobalSection
	GlobalSection(ExtensibilityGlobals) = postSolution
		SolutionGuid = {7D2E366F-8B86-46C8-94F4-9CDAFC993780}
	EndGlobalSection
EndGlobal
