
Microsoft Visual Studio Solution File, Format Version 12.00
# Visual Studio Version 17
VisualStudioVersion = 17.0.31521.260
MinimumVisualStudioVersion = 10.0.40219.1
Project("{FAE04EC0-301F-11D3-BF4B-00C04F79EFBC}") = "StudentClass1", "StudentClass1.csproj", "{AA88CEC3-21C8-4D64-AA5D-0EBA6B77437B}"
EndProject
Global
	GlobalSection(SolutionConfigurationPlatforms) = preSolution
		Debug|Any CPU = Debug|Any CPU
		Release|Any CPU = Release|Any CPU
	EndGlobalSection
	GlobalSection(ProjectConfigurationPlatforms) = postSolution
		{AA88CEC3-21C8-4D64-AA5D-0EBA6B77437B}.Debug|Any CPU.ActiveCfg = Debug|Any CPU
		{AA88CEC3-21C8-4D64-AA5D-0EBA6B77437B}.Debug|Any CPU.Build.0 = Debug|Any CPU
		{AA88CEC3-21C8-4D64-AA5D-0EBA6B77437B}.Release|Any CPU.ActiveCfg = Release|Any CPU
		{AA88CEC3-21C8-4D64-AA5D-0EBA6B77437B}.Release|Any CPU.Build.0 = Release|Any CPU
	EndGlobalSection
	GlobalSection(SolutionProperties) = preSolution
		HideSolutionNode = FALSE
	EndGlobalSection
	GlobalSection(ExtensibilityGlobals) = postSolution
		SolutionGuid = {0418F5F5-5EAE-4F4D-92E6-9D5ABF28E9F7}
	EndGlobalSection
EndGlobal
