
Microsoft Visual Studio Solution File, Format Version 12.00
# Visual Studio Version 17
VisualStudioVersion = 17.0.31521.260
MinimumVisualStudioVersion = 10.0.40219.1
Project("{FAE04EC0-301F-11D3-BF4B-00C04F79EFBC}") = "TargetType2", "TargetType2.csproj", "{76C78AF5-E2AD-498D-BCB1-7D6CDAD6FE31}"
EndProject
Global
	GlobalSection(SolutionConfigurationPlatforms) = preSolution
		Debug|Any CPU = Debug|Any CPU
		Release|Any CPU = Release|Any CPU
	EndGlobalSection
	GlobalSection(ProjectConfigurationPlatforms) = postSolution
		{76C78AF5-E2AD-498D-BCB1-7D6CDAD6FE31}.Debug|Any CPU.ActiveCfg = Debug|Any CPU
		{76C78AF5-E2AD-498D-BCB1-7D6CDAD6FE31}.Debug|Any CPU.Build.0 = Debug|Any CPU
		{76C78AF5-E2AD-498D-BCB1-7D6CDAD6FE31}.Release|Any CPU.ActiveCfg = Release|Any CPU
		{76C78AF5-E2AD-498D-BCB1-7D6CDAD6FE31}.Release|Any CPU.Build.0 = Release|Any CPU
	EndGlobalSection
	GlobalSection(SolutionProperties) = preSolution
		HideSolutionNode = FALSE
	EndGlobalSection
	GlobalSection(ExtensibilityGlobals) = postSolution
		SolutionGuid = {F641CE0A-6AC0-4B77-89A6-D2E31CBBBA94}
	EndGlobalSection
EndGlobal
