
Microsoft Visual Studio Solution File, Format Version 12.00
# Visual Studio Version 17
VisualStudioVersion = 17.0.31717.71
MinimumVisualStudioVersion = 10.0.40219.1
Project("{FAE04EC0-301F-11D3-BF4B-00C04F79EFBC}") = "BindingSample3", "BindingSample3.csproj", "{0B1C0A23-6AFA-4B0C-8065-4895301F2EC6}"
EndProject
Global
	GlobalSection(SolutionConfigurationPlatforms) = preSolution
		Debug|Any CPU = Debug|Any CPU
		Release|Any CPU = Release|Any CPU
	EndGlobalSection
	GlobalSection(ProjectConfigurationPlatforms) = postSolution
		{0B1C0A23-6AFA-4B0C-8065-4895301F2EC6}.Debug|Any CPU.ActiveCfg = Debug|Any CPU
		{0B1C0A23-6AFA-4B0C-8065-4895301F2EC6}.Debug|Any CPU.Build.0 = Debug|Any CPU
		{0B1C0A23-6AFA-4B0C-8065-4895301F2EC6}.Release|Any CPU.ActiveCfg = Release|Any CPU
		{0B1C0A23-6AFA-4B0C-8065-4895301F2EC6}.Release|Any CPU.Build.0 = Release|Any CPU
	EndGlobalSection
	GlobalSection(SolutionProperties) = preSolution
		HideSolutionNode = FALSE
	EndGlobalSection
	GlobalSection(ExtensibilityGlobals) = postSolution
		SolutionGuid = {2CF340C8-A3E9-4B27-AFEC-6025D212849D}
	EndGlobalSection
EndGlobal
