
Microsoft Visual Studio Solution File, Format Version 12.00
# Visual Studio Version 17
VisualStudioVersion = 17.0.31521.260
MinimumVisualStudioVersion = 10.0.40219.1
Project("{FAE04EC0-301F-11D3-BF4B-00C04F79EFBC}") = "InitOnly", "InitOnly.csproj", "{22F2B838-CDAA-4C02-B464-8CD55C49057D}"
EndProject
Global
	GlobalSection(SolutionConfigurationPlatforms) = preSolution
		Debug|Any CPU = Debug|Any CPU
		Release|Any CPU = Release|Any CPU
	EndGlobalSection
	GlobalSection(ProjectConfigurationPlatforms) = postSolution
		{22F2B838-CDAA-4C02-B464-8CD55C49057D}.Debug|Any CPU.ActiveCfg = Debug|Any CPU
		{22F2B838-CDAA-4C02-B464-8CD55C49057D}.Debug|Any CPU.Build.0 = Debug|Any CPU
		{22F2B838-CDAA-4C02-B464-8CD55C49057D}.Release|Any CPU.ActiveCfg = Release|Any CPU
		{22F2B838-CDAA-4C02-B464-8CD55C49057D}.Release|Any CPU.Build.0 = Release|Any CPU
	EndGlobalSection
	GlobalSection(SolutionProperties) = preSolution
		HideSolutionNode = FALSE
	EndGlobalSection
	GlobalSection(ExtensibilityGlobals) = postSolution
		SolutionGuid = {CF0A7541-F5C5-4933-AA5E-823296F9F12F}
	EndGlobalSection
EndGlobal
