
Microsoft Visual Studio Solution File, Format Version 12.00
# Visual Studio Version 17
VisualStudioVersion = 17.0.31521.260
MinimumVisualStudioVersion = 10.0.40219.1
Project("{FAE04EC0-301F-11D3-BF4B-00C04F79EFBC}") = "CallByReference", "CallByReference.csproj", "{220E4A7F-B6CA-4EEF-9985-DD25A60BC8E2}"
EndProject
Global
	GlobalSection(SolutionConfigurationPlatforms) = preSolution
		Debug|Any CPU = Debug|Any CPU
		Release|Any CPU = Release|Any CPU
	EndGlobalSection
	GlobalSection(ProjectConfigurationPlatforms) = postSolution
		{220E4A7F-B6CA-4EEF-9985-DD25A60BC8E2}.Debug|Any CPU.ActiveCfg = Debug|Any CPU
		{220E4A7F-B6CA-4EEF-9985-DD25A60BC8E2}.Debug|Any CPU.Build.0 = Debug|Any CPU
		{220E4A7F-B6CA-4EEF-9985-DD25A60BC8E2}.Release|Any CPU.ActiveCfg = Release|Any CPU
		{220E4A7F-B6CA-4EEF-9985-DD25A60BC8E2}.Release|Any CPU.Build.0 = Release|Any CPU
	EndGlobalSection
	GlobalSection(SolutionProperties) = preSolution
		HideSolutionNode = FALSE
	EndGlobalSection
	GlobalSection(ExtensibilityGlobals) = postSolution
		SolutionGuid = {A2F188D7-ECAA-48B5-9573-7D0E3679D866}
	EndGlobalSection
EndGlobal
