
Microsoft Visual Studio Solution File, Format Version 12.00
# Visual Studio Version 17
VisualStudioVersion = 17.0.31521.260
MinimumVisualStudioVersion = 10.0.40219.1
Project("{FAE04EC0-301F-11D3-BF4B-00C04F79EFBC}") = "VoidMethods", "VoidMethods.csproj", "{6CB8445F-D93F-40CD-A2EC-FB54D39E0A02}"
EndProject
Global
	GlobalSection(SolutionConfigurationPlatforms) = preSolution
		Debug|Any CPU = Debug|Any CPU
		Release|Any CPU = Release|Any CPU
	EndGlobalSection
	GlobalSection(ProjectConfigurationPlatforms) = postSolution
		{6CB8445F-D93F-40CD-A2EC-FB54D39E0A02}.Debug|Any CPU.ActiveCfg = Debug|Any CPU
		{6CB8445F-D93F-40CD-A2EC-FB54D39E0A02}.Debug|Any CPU.Build.0 = Debug|Any CPU
		{6CB8445F-D93F-40CD-A2EC-FB54D39E0A02}.Release|Any CPU.ActiveCfg = Release|Any CPU
		{6CB8445F-D93F-40CD-A2EC-FB54D39E0A02}.Release|Any CPU.Build.0 = Release|Any CPU
	EndGlobalSection
	GlobalSection(SolutionProperties) = preSolution
		HideSolutionNode = FALSE
	EndGlobalSection
	GlobalSection(ExtensibilityGlobals) = postSolution
		SolutionGuid = {E0A8CF75-01BC-49FA-9A2F-91E21B22A017}
	EndGlobalSection
EndGlobal
