
Microsoft Visual Studio Solution File, Format Version 12.00
# Visual Studio Version 17
VisualStudioVersion = 17.0.31717.71
MinimumVisualStudioVersion = 10.0.40219.1
Project("{FAE04EC0-301F-11D3-BF4B-00C04F79EFBC}") = "BuiltInCommands", "BuiltInCommands.csproj", "{A2F3AC45-2D74-49F9-A867-C6884825987E}"
EndProject
Global
	GlobalSection(SolutionConfigurationPlatforms) = preSolution
		Debug|Any CPU = Debug|Any CPU
		Release|Any CPU = Release|Any CPU
	EndGlobalSection
	GlobalSection(ProjectConfigurationPlatforms) = postSolution
		{A2F3AC45-2D74-49F9-A867-C6884825987E}.Debug|Any CPU.ActiveCfg = Debug|Any CPU
		{A2F3AC45-2D74-49F9-A867-C6884825987E}.Debug|Any CPU.Build.0 = Debug|Any CPU
		{A2F3AC45-2D74-49F9-A867-C6884825987E}.Release|Any CPU.ActiveCfg = Release|Any CPU
		{A2F3AC45-2D74-49F9-A867-C6884825987E}.Release|Any CPU.Build.0 = Release|Any CPU
	EndGlobalSection
	GlobalSection(SolutionProperties) = preSolution
		HideSolutionNode = FALSE
	EndGlobalSection
	GlobalSection(ExtensibilityGlobals) = postSolution
		SolutionGuid = {DB8A784D-935E-457E-84CA-107424EA139A}
	EndGlobalSection
EndGlobal
