
Microsoft Visual Studio Solution File, Format Version 12.00
# Visual Studio Version 17
VisualStudioVersion = 17.0.31521.260
MinimumVisualStudioVersion = 10.0.40219.1
Project("{FAE04EC0-301F-11D3-BF4B-00C04F79EFBC}") = "RemoveWhiteSpace", "RemoveWhiteSpace.csproj", "{295CEDC8-46DD-4A7D-AEDB-BE367598736D}"
EndProject
Global
	GlobalSection(SolutionConfigurationPlatforms) = preSolution
		Debug|Any CPU = Debug|Any CPU
		Release|Any CPU = Release|Any CPU
	EndGlobalSection
	GlobalSection(ProjectConfigurationPlatforms) = postSolution
		{295CEDC8-46DD-4A7D-AEDB-BE367598736D}.Debug|Any CPU.ActiveCfg = Debug|Any CPU
		{295CEDC8-46DD-4A7D-AEDB-BE367598736D}.Debug|Any CPU.Build.0 = Debug|Any CPU
		{295CEDC8-46DD-4A7D-AEDB-BE367598736D}.Release|Any CPU.ActiveCfg = Release|Any CPU
		{295CEDC8-46DD-4A7D-AEDB-BE367598736D}.Release|Any CPU.Build.0 = Release|Any CPU
	EndGlobalSection
	GlobalSection(SolutionProperties) = preSolution
		HideSolutionNode = FALSE
	EndGlobalSection
	GlobalSection(ExtensibilityGlobals) = postSolution
		SolutionGuid = {92FEAC57-1037-4213-905C-45BA941F81C7}
	EndGlobalSection
EndGlobal
