
Microsoft Visual Studio Solution File, Format Version 12.00
# Visual Studio Version 17
VisualStudioVersion = 17.0.31717.71
MinimumVisualStudioVersion = 10.0.40219.1
Project("{FAE04EC0-301F-11D3-BF4B-00C04F79EFBC}") = "DataBinding1CSharp", "DataBinding1CSharp.csproj", "{450F4B9D-3851-41E2-BBDA-71089A81FFC4}"
EndProject
Global
	GlobalSection(SolutionConfigurationPlatforms) = preSolution
		Debug|Any CPU = Debug|Any CPU
		Release|Any CPU = Release|Any CPU
	EndGlobalSection
	GlobalSection(ProjectConfigurationPlatforms) = postSolution
		{450F4B9D-3851-41E2-BBDA-71089A81FFC4}.Debug|Any CPU.ActiveCfg = Debug|Any CPU
		{450F4B9D-3851-41E2-BBDA-71089A81FFC4}.Debug|Any CPU.Build.0 = Debug|Any CPU
		{450F4B9D-3851-41E2-BBDA-71089A81FFC4}.Release|Any CPU.ActiveCfg = Release|Any CPU
		{450F4B9D-3851-41E2-BBDA-71089A81FFC4}.Release|Any CPU.Build.0 = Release|Any CPU
	EndGlobalSection
	GlobalSection(SolutionProperties) = preSolution
		HideSolutionNode = FALSE
	EndGlobalSection
	GlobalSection(ExtensibilityGlobals) = postSolution
		SolutionGuid = {8F6902A8-7335-4F16-9406-F93EDEABA6E9}
	EndGlobalSection
EndGlobal
