
Microsoft Visual Studio Solution File, Format Version 12.00
# Visual Studio Version 17
VisualStudioVersion = 17.0.31717.71
MinimumVisualStudioVersion = 10.0.40219.1
Project("{FAE04EC0-301F-11D3-BF4B-00C04F79EFBC}") = "Grid2", "Grid2.csproj", "{87E4D959-9CC4-4E8C-8A93-E866ACEA19C3}"
EndProject
Global
	GlobalSection(SolutionConfigurationPlatforms) = preSolution
		Debug|Any CPU = Debug|Any CPU
		Release|Any CPU = Release|Any CPU
	EndGlobalSection
	GlobalSection(ProjectConfigurationPlatforms) = postSolution
		{87E4D959-9CC4-4E8C-8A93-E866ACEA19C3}.Debug|Any CPU.ActiveCfg = Debug|Any CPU
		{87E4D959-9CC4-4E8C-8A93-E866ACEA19C3}.Debug|Any CPU.Build.0 = Debug|Any CPU
		{87E4D959-9CC4-4E8C-8A93-E866ACEA19C3}.Release|Any CPU.ActiveCfg = Release|Any CPU
		{87E4D959-9CC4-4E8C-8A93-E866ACEA19C3}.Release|Any CPU.Build.0 = Release|Any CPU
	EndGlobalSection
	GlobalSection(SolutionProperties) = preSolution
		HideSolutionNode = FALSE
	EndGlobalSection
	GlobalSection(ExtensibilityGlobals) = postSolution
		SolutionGuid = {808E6B60-BB98-4EEB-8ED9-4ADB1AB0F506}
	EndGlobalSection
EndGlobal
