
Microsoft Visual Studio Solution File, Format Version 12.00
# Visual Studio Version 17
VisualStudioVersion = 17.0.31521.260
MinimumVisualStudioVersion = 10.0.40219.1
Project("{FAE04EC0-301F-11D3-BF4B-00C04F79EFBC}") = "UsingEnumeratedForeach", "UsingEnumeratedForeach.csproj", "{5F32DFFC-62E4-48E4-8D17-A1EE5942E23E}"
EndProject
Global
	GlobalSection(SolutionConfigurationPlatforms) = preSolution
		Debug|Any CPU = Debug|Any CPU
		Release|Any CPU = Release|Any CPU
	EndGlobalSection
	GlobalSection(ProjectConfigurationPlatforms) = postSolution
		{5F32DFFC-62E4-48E4-8D17-A1EE5942E23E}.Debug|Any CPU.ActiveCfg = Debug|Any CPU
		{5F32DFFC-62E4-48E4-8D17-A1EE5942E23E}.Debug|Any CPU.Build.0 = Debug|Any CPU
		{5F32DFFC-62E4-48E4-8D17-A1EE5942E23E}.Release|Any CPU.ActiveCfg = Release|Any CPU
		{5F32DFFC-62E4-48E4-8D17-A1EE5942E23E}.Release|Any CPU.Build.0 = Release|Any CPU
	EndGlobalSection
	GlobalSection(SolutionProperties) = preSolution
		HideSolutionNode = FALSE
	EndGlobalSection
	GlobalSection(ExtensibilityGlobals) = postSolution
		SolutionGuid = {8272554E-0212-43CA-86AE-F9AFB9E16EAA}
	EndGlobalSection
EndGlobal
