
Microsoft Visual Studio Solution File, Format Version 12.00
# Visual Studio Version 17
VisualStudioVersion = 17.0.31521.260
MinimumVisualStudioVersion = 10.0.40219.1
Project("{FAE04EC0-301F-11D3-BF4B-00C04F79EFBC}") = "SimpleSavingsAccount2", "SimpleSavingsAccount2.csproj", "{5C3B5601-B61B-484A-89BC-68C88BFD05C7}"
EndProject
Global
	GlobalSection(SolutionConfigurationPlatforms) = preSolution
		Debug|Any CPU = Debug|Any CPU
		Release|Any CPU = Release|Any CPU
	EndGlobalSection
	GlobalSection(ProjectConfigurationPlatforms) = postSolution
		{5C3B5601-B61B-484A-89BC-68C88BFD05C7}.Debug|Any CPU.ActiveCfg = Debug|Any CPU
		{5C3B5601-B61B-484A-89BC-68C88BFD05C7}.Debug|Any CPU.Build.0 = Debug|Any CPU
		{5C3B5601-B61B-484A-89BC-68C88BFD05C7}.Release|Any CPU.ActiveCfg = Release|Any CPU
		{5C3B5601-B61B-484A-89BC-68C88BFD05C7}.Release|Any CPU.Build.0 = Release|Any CPU
	EndGlobalSection
	GlobalSection(SolutionProperties) = preSolution
		HideSolutionNode = FALSE
	EndGlobalSection
	GlobalSection(ExtensibilityGlobals) = postSolution
		SolutionGuid = {75FA4494-DC35-4228-BDB7-1F1730FEC6FB}
	EndGlobalSection
EndGlobal
