
Microsoft Visual Studio Solution File, Format Version 12.00
# Visual Studio Version 17
VisualStudioVersion = 17.0.31717.71
MinimumVisualStudioVersion = 10.0.40219.1
Project("{FAE04EC0-301F-11D3-BF4B-00C04F79EFBC}") = "DataEntryForm", "DataEntryForm.csproj", "{C33A104B-B5C5-4B61-ADC4-981500147B53}"
EndProject
Global
	GlobalSection(SolutionConfigurationPlatforms) = preSolution
		Debug|Any CPU = Debug|Any CPU
		Release|Any CPU = Release|Any CPU
	EndGlobalSection
	GlobalSection(ProjectConfigurationPlatforms) = postSolution
		{C33A104B-B5C5-4B61-ADC4-981500147B53}.Debug|Any CPU.ActiveCfg = Debug|Any CPU
		{C33A104B-B5C5-4B61-ADC4-981500147B53}.Debug|Any CPU.Build.0 = Debug|Any CPU
		{C33A104B-B5C5-4B61-ADC4-981500147B53}.Release|Any CPU.ActiveCfg = Release|Any CPU
		{C33A104B-B5C5-4B61-ADC4-981500147B53}.Release|Any CPU.Build.0 = Release|Any CPU
	EndGlobalSection
	GlobalSection(SolutionProperties) = preSolution
		HideSolutionNode = FALSE
	EndGlobalSection
	GlobalSection(ExtensibilityGlobals) = postSolution
		SolutionGuid = {6744F07D-ABBB-4F03-B062-C9FC868C8AD9}
	EndGlobalSection
EndGlobal
