
Microsoft Visual Studio Solution File, Format Version 12.00
# Visual Studio Version 17
VisualStudioVersion = 17.0.31521.260
MinimumVisualStudioVersion = 10.0.40219.1
Project("{FAE04EC0-301F-11D3-BF4B-00C04F79EFBC}") = "CalculateInterestTableWithLocalMethods", "CalculateInterestTableWithLocalMethods.csproj", "{9F1F1075-8D5F-4582-975B-690BD42CF188}"
EndProject
Global
	GlobalSection(SolutionConfigurationPlatforms) = preSolution
		Debug|Any CPU = Debug|Any CPU
		Release|Any CPU = Release|Any CPU
	EndGlobalSection
	GlobalSection(ProjectConfigurationPlatforms) = postSolution
		{9F1F1075-8D5F-4582-975B-690BD42CF188}.Debug|Any CPU.ActiveCfg = Debug|Any CPU
		{9F1F1075-8D5F-4582-975B-690BD42CF188}.Debug|Any CPU.Build.0 = Debug|Any CPU
		{9F1F1075-8D5F-4582-975B-690BD42CF188}.Release|Any CPU.ActiveCfg = Release|Any CPU
		{9F1F1075-8D5F-4582-975B-690BD42CF188}.Release|Any CPU.Build.0 = Release|Any CPU
	EndGlobalSection
	GlobalSection(SolutionProperties) = preSolution
		HideSolutionNode = FALSE
	EndGlobalSection
	GlobalSection(ExtensibilityGlobals) = postSolution
		SolutionGuid = {DB658902-F449-4131-8C28-7D6E7EE2AEE8}
	EndGlobalSection
EndGlobal
