
Microsoft Visual Studio Solution File, Format Version 12.00
# Visual Studio Version 17
VisualStudioVersion = 17.0.31521.260
MinimumVisualStudioVersion = 10.0.40219.1
Project("{FAE04EC0-301F-11D3-BF4B-00C04F79EFBC}") = "BasicStruct", "BasicStruct.csproj", "{46E5400E-44C6-48BC-BCA3-4B4E21173F73}"
EndProject
Global
	GlobalSection(SolutionConfigurationPlatforms) = preSolution
		Debug|Any CPU = Debug|Any CPU
		Release|Any CPU = Release|Any CPU
	EndGlobalSection
	GlobalSection(ProjectConfigurationPlatforms) = postSolution
		{46E5400E-44C6-48BC-BCA3-4B4E21173F73}.Debug|Any CPU.ActiveCfg = Debug|Any CPU
		{46E5400E-44C6-48BC-BCA3-4B4E21173F73}.Debug|Any CPU.Build.0 = Debug|Any CPU
		{46E5400E-44C6-48BC-BCA3-4B4E21173F73}.Release|Any CPU.ActiveCfg = Release|Any CPU
		{46E5400E-44C6-48BC-BCA3-4B4E21173F73}.Release|Any CPU.Build.0 = Release|Any CPU
	EndGlobalSection
	GlobalSection(SolutionProperties) = preSolution
		HideSolutionNode = FALSE
	EndGlobalSection
	GlobalSection(ExtensibilityGlobals) = postSolution
		SolutionGuid = {226B2A72-C867-4895-9813-D5CD379594F0}
	EndGlobalSection
EndGlobal
