
Microsoft Visual Studio Solution File, Format Version 12.00
# Visual Studio Version 17
VisualStudioVersion = 17.0.31521.260
MinimumVisualStudioVersion = 10.0.40219.1
Project("{FAE04EC0-301F-11D3-BF4B-00C04F79EFBC}") = "CheckFavoriteFood", "CheckFavoriteFood.csproj", "{7A31FDFF-24AA-4032-9094-824A464D72B0}"
EndProject
Global
	GlobalSection(SolutionConfigurationPlatforms) = preSolution
		Debug|Any CPU = Debug|Any CPU
		Release|Any CPU = Release|Any CPU
	EndGlobalSection
	GlobalSection(ProjectConfigurationPlatforms) = postSolution
		{7A31FDFF-24AA-4032-9094-824A464D72B0}.Debug|Any CPU.ActiveCfg = Debug|Any CPU
		{7A31FDFF-24AA-4032-9094-824A464D72B0}.Debug|Any CPU.Build.0 = Debug|Any CPU
		{7A31FDFF-24AA-4032-9094-824A464D72B0}.Release|Any CPU.ActiveCfg = Release|Any CPU
		{7A31FDFF-24AA-4032-9094-824A464D72B0}.Release|Any CPU.Build.0 = Release|Any CPU
	EndGlobalSection
	GlobalSection(SolutionProperties) = preSolution
		HideSolutionNode = FALSE
	EndGlobalSection
	GlobalSection(ExtensibilityGlobals) = postSolution
		SolutionGuid = {C9911B25-FF75-454D-B2CE-3C07CD67CCCF}
	EndGlobalSection
EndGlobal
